// !$*UTF8*$!
{
	archiveVersion = 1;
	classes = {
	};
	objectVersion = 48;
	objects = {

/* Begin PBXBuildFile section */
		EC903D7E20BE31ED001CCEAD /* main.c in Sources */ = {isa = PBXBuildFile; fileRef = EC903D7D20BE31ED001CCEAD /* main.c */; };
		EC903D8620BE33E9001CCEAD /* Queue.c in Sources */ = {isa = PBXBuildFile; fileRef = EC903D8420BE33E9001CCEAD /* Queue.c */; };
		EC903D8920BE3FF3001CCEAD /* SocketConnLink.c in Sources */ = {isa = PBXBuildFile; fileRef = EC903D8720BE3FF3001CCEAD /* SocketConnLink.c */; };
		EC903D8F20BE40CA001CCEAD /* libev.a in Frameworks */ = {isa = PBXBuildFile; fileRef = EC903D8E20BE40CA001CCEAD /* libev.a */; };
		EC903D9220BE83DD001CCEAD /* udptest.c in Sources */ = {isa = PBXBuildFile; fileRef = EC903D9020BE83DD001CCEAD /* udptest.c */; };
		EC903D9520BE8E5D001CCEAD /* testnserver.c in Sources */ = {isa = PBXBuildFile; fileRef = EC903D9320BE8E5D001CCEAD /* testnserver.c */; };
/* End PBXBuildFile section */

/* Begin PBXCopyFilesBuildPhase section */
		EC903D7820BE31ED001CCEAD /* CopyFiles */ = {
			isa = PBXCopyFilesBuildPhase;
			buildActionMask = 2147483647;
			dstPath = /usr/share/man/man1/;
			dstSubfolderSpec = 0;
			files = (
			);
			runOnlyForDeploymentPostprocessing = 1;
		};
/* End PBXCopyFilesBuildPhase section */

/* Begin PBXFileReference section */
		EC903D7A20BE31ED001CCEAD /* NServerDuplicate */ = {isa = PBXFileReference; explicitFileType = "compiled.mach-o.executable"; includeInIndex = 0; path = NServerDuplicate; sourceTree = BUILT_PRODUCTS_DIR; };
		EC903D7D20BE31ED001CCEAD /* main.c */ = {isa = PBXFileReference; lastKnownFileType = sourcecode.c.c; path = main.c; sourceTree = "<group>"; };
		EC903D8420BE33E9001CCEAD /* Queue.c */ = {isa = PBXFileReference; lastKnownFileType = sourcecode.c.c; path = Queue.c; sourceTree = "<group>"; };
		EC903D8520BE33E9001CCEAD /* Queue.h */ = {isa = PBXFileReference; lastKnownFileType = sourcecode.c.h; path = Queue.h; sourceTree = "<group>"; };
		EC903D8720BE3FF3001CCEAD /* SocketConnLink.c */ = {isa = PBXFileReference; lastKnownFileType = sourcecode.c.c; path = SocketConnLink.c; sourceTree = "<group>"; };
		EC903D8820BE3FF3001CCEAD /* SocketConnLink.h */ = {isa = PBXFileReference; lastKnownFileType = sourcecode.c.h; path = SocketConnLink.h; sourceTree = "<group>"; };
		EC903D8B20BE40CA001CCEAD /* ev++.h */ = {isa = PBXFileReference; fileEncoding = 4; lastKnownFileType = sourcecode.c.h; path = "ev++.h"; sourceTree = "<group>"; };
		EC903D8C20BE40CA001CCEAD /* ev.h */ = {isa = PBXFileReference; fileEncoding = 4; lastKnownFileType = sourcecode.c.h; path = ev.h; sourceTree = "<group>"; };
		EC903D8D20BE40CA001CCEAD /* event.h */ = {isa = PBXFileReference; fileEncoding = 4; lastKnownFileType = sourcecode.c.h; path = event.h; sourceTree = "<group>"; };
		EC903D8E20BE40CA001CCEAD /* libev.a */ = {isa = PBXFileReference; lastKnownFileType = archive.ar; path = libev.a; sourceTree = "<group>"; };
		EC903D9020BE83DD001CCEAD /* udptest.c */ = {isa = PBXFileReference; lastKnownFileType = sourcecode.c.c; path = udptest.c; sourceTree = "<group>"; };
		EC903D9120BE83DD001CCEAD /* udptest.h */ = {isa = PBXFileReference; lastKnownFileType = sourcecode.c.h; path = udptest.h; sourceTree = "<group>"; };
		EC903D9320BE8E5D001CCEAD /* testnserver.c */ = {isa = PBXFileReference; lastKnownFileType = sourcecode.c.c; path = testnserver.c; sourceTree = "<group>"; };
		EC903D9420BE8E5D001CCEAD /* testnserver.h */ = {isa = PBXFileReference; lastKnownFileType = sourcecode.c.h; path = testnserver.h; sourceTree = "<group>"; };
/* End PBXFileReference section */

/* Begin PBXFrameworksBuildPhase section */
		EC903D7720BE31ED001CCEAD /* Frameworks */ = {
			isa = PBXFrameworksBuildPhase;
			buildActionMask = 2147483647;
			files = (
				EC903D8F20BE40CA001CCEAD /* libev.a in Frameworks */,
			);
			runOnlyForDeploymentPostprocessing = 0;
		};
/* End PBXFrameworksBuildPhase section */

/* Begin PBXGroup section */
		EC903D7120BE31ED001CCEAD = {
			isa = PBXGroup;
			children = (
				EC903D7C20BE31ED001CCEAD /* NServerDuplicate */,
				EC903D7B20BE31ED001CCEAD /* Products */,
			);
			sourceTree = "<group>";
		};
		EC903D7B20BE31ED001CCEAD /* Products */ = {
			isa = PBXGroup;
			children = (
				EC903D7A20BE31ED001CCEAD /* NServerDuplicate */,
			);
			name = Products;
			sourceTree = "<group>";
		};
		EC903D7C20BE31ED001CCEAD /* NServerDuplicate */ = {
			isa = PBXGroup;
			children = (
				EC903D7D20BE31ED001CCEAD /* main.c */,
				EC903D9320BE8E5D001CCEAD /* testnserver.c */,
				EC903D9420BE8E5D001CCEAD /* testnserver.h */,
				EC903D9020BE83DD001CCEAD /* udptest.c */,
				EC903D9120BE83DD001CCEAD /* udptest.h */,
				EC903D8420BE33E9001CCEAD /* Queue.c */,
				EC903D8520BE33E9001CCEAD /* Queue.h */,
				EC903D8720BE3FF3001CCEAD /* SocketConnLink.c */,
				EC903D8820BE3FF3001CCEAD /* SocketConnLink.h */,
				EC903D8A20BE40CA001CCEAD /* libev */,
			);
			path = NServerDuplicate;
			sourceTree = "<group>";
		};
		EC903D8A20BE40CA001CCEAD /* libev */ = {
			isa = PBXGroup;
			children = (
				EC903D8B20BE40CA001CCEAD /* ev++.h */,
				EC903D8C20BE40CA001CCEAD /* ev.h */,
				EC903D8D20BE40CA001CCEAD /* event.h */,
				EC903D8E20BE40CA001CCEAD /* libev.a */,
			);
			path = libev;
			sourceTree = "<group>";
		};
/* End PBXGroup section */

/* Begin PBXNativeTarget section */
		EC903D7920BE31ED001CCEAD /* NServerDuplicate */ = {
			isa = PBXNativeTarget;
			buildConfigurationList = EC903D8120BE31ED001CCEAD /* Build configuration list for PBXNativeTarget "NServerDuplicate" */;
			buildPhases = (
				EC903D7620BE31ED001CCEAD /* Sources */,
				EC903D7720BE31ED001CCEAD /* Frameworks */,
				EC903D7820BE31ED001CCEAD /* CopyFiles */,
			);
			buildRules = (
			);
			dependencies = (
			);
			name = NServerDuplicate;
			productName = NServerDuplicate;
			productReference = EC903D7A20BE31ED001CCEAD /* NServerDuplicate */;
			productType = "com.apple.product-type.tool";
		};
/* End PBXNativeTarget section */

/* Begin PBXProject section */
		EC903D7220BE31ED001CCEAD /* Project object */ = {
			isa = PBXProject;
			attributes = {
				LastUpgradeCheck = 0920;
				ORGANIZATIONNAME = admindyn;
				TargetAttributes = {
					EC903D7920BE31ED001CCEAD = {
						CreatedOnToolsVersion = 9.2;
						ProvisioningStyle = Automatic;
					};
				};
			};
			buildConfigurationList = EC903D7520BE31ED001CCEAD /* Build configuration list for PBXProject "NServerDuplicate" */;
			compatibilityVersion = "Xcode 8.0";
			developmentRegion = en;
			hasScannedForEncodings = 0;
			knownRegions = (
				en,
			);
			mainGroup = EC903D7120BE31ED001CCEAD;
			productRefGroup = EC903D7B20BE31ED001CCEAD /* Products */;
			projectDirPath = "";
			projectRoot = "";
			targets = (
				EC903D7920BE31ED001CCEAD /* NServerDuplicate */,
			);
		};
/* End PBXProject section */

/* Begin PBXSourcesBuildPhase section */
		EC903D7620BE31ED001CCEAD /* Sources */ = {
			isa = PBXSourcesBuildPhase;
			buildActionMask = 2147483647;
			files = (
				EC903D9520BE8E5D001CCEAD /* testnserver.c in Sources */,
				EC903D7E20BE31ED001CCEAD /* main.c in Sources */,
				EC903D8620BE33E9001CCEAD /* Queue.c in Sources */,
				EC903D8920BE3FF3001CCEAD /* SocketConnLink.c in Sources */,
				EC903D9220BE83DD001CCEAD /* udptest.c in Sources */,
			);
			runOnlyForDeploymentPostprocessing = 0;
		};
/* End PBXSourcesBuildPhase section */

/* Begin XCBuildConfiguration section */
		EC903D7F20BE31ED001CCEAD /* Debug */ = {
			isa = XCBuildConfiguration;
			buildSettings = {
				ALWAYS_SEARCH_USER_PATHS = NO;
				CLANG_ANALYZER_NONNULL = YES;
				CLANG_ANALYZER_NUMBER_OBJECT_CONVERSION = YES_AGGRESSIVE;
				CLANG_CXX_LANGUAGE_STANDARD = "gnu++14";
				CLANG_CXX_LIBRARY = "libc++";
				CLANG_ENABLE_MODULES = YES;
				CLANG_ENABLE_OBJC_ARC = YES;
				CLANG_WARN_BLOCK_CAPTURE_AUTORELEASING = YES;
				CLANG_WARN_BOOL_CONVERSION = YES;
				CLANG_WARN_COMMA = YES;
				CLANG_WARN_CONSTANT_CONVERSION = YES;
				CLANG_WARN_DIRECT_OBJC_ISA_USAGE = YES_ERROR;
				CLANG_WARN_DOCUMENTATION_COMMENTS = YES;
				CLANG_WARN_EMPTY_BODY = YES;
				CLANG_WARN_ENUM_CONVERSION = YES;
				CLANG_WARN_INFINITE_RECURSION = YES;
				CLANG_WARN_INT_CONVERSION = YES;
				CLANG_WARN_NON_LITERAL_NULL_CONVERSION = YES;
				CLANG_WARN_OBJC_LITERAL_CONVERSION = YES;
				CLANG_WARN_OBJC_ROOT_CLASS = YES_ERROR;
				CLANG_WARN_RANGE_LOOP_ANALYSIS = YES;
				CLANG_WARN_STRICT_PROTOTYPES = YES;
				CLANG_WARN_SUSPICIOUS_MOVE = YES;
				CLANG_WARN_UNGUARDED_AVAILABILITY = YES_AGGRESSIVE;
				CLANG_WARN_UNREACHABLE_CODE = YES;
				CLANG_WARN__DUPLICATE_METHOD_MATCH = YES;
				CODE_SIGN_IDENTITY = "Mac Developer";
				COPY_PHASE_STRIP = NO;
				DEBUG_INFORMATION_FORMAT = dwarf;
				ENABLE_STRICT_OBJC_MSGSEND = YES;
				ENABLE_TESTABILITY = YES;
				GCC_C_LANGUAGE_STANDARD = gnu11;
				GCC_DYNAMIC_NO_PIC = NO;
				GCC_NO_COMMON_BLOCKS = YES;
				GCC_OPTIMIZATION_LEVEL = 0;
				GCC_PREPROCESSOR_DEFINITIONS = (
					"DEBUG=1",
					"$(inherited)",
				);
				GCC_WARN_64_TO_32_BIT_CONVERSION = YES;
				GCC_WARN_ABOUT_RETURN_TYPE = YES_ERROR;
				GCC_WARN_UNDECLARED_SELECTOR = YES;
				GCC_WARN_UNINITIALIZED_AUTOS = YES_AGGRESSIVE;
				GCC_WARN_UNUSED_FUNCTION = YES;
				GCC_WARN_UNUSED_VARIABLE = YES;
				MACOSX_DEPLOYMENT_TARGET = 10.12;
				MTL_ENABLE_DEBUG_INFO = YES;
				ONLY_ACTIVE_ARCH = YES;
				SDKROOT = macosx;
			};
			name = Debug;
		};
		EC903D8020BE31ED001CCEAD /* Release */ = {
			isa = XCBuildConfiguration;
			buildSettings = {
				ALWAYS_SEARCH_USER_PATHS = NO;
				CLANG_ANALYZER_NONNULL = YES;
				CLANG_ANALYZER_NUMBER_OBJECT_CONVERSION = YES_AGGRESSIVE;
				CLANG_CXX_LANGUAGE_STANDARD = "gnu++14";
				CLANG_CXX_LIBRARY = "libc++";
				CLANG_ENABLE_MODULES = YES;
				CLANG_ENABLE_OBJC_ARC = YES;
				CLANG_WARN_BLOCK_CAPTURE_AUTORELEASING = YES;
				CLANG_WARN_BOOL_CONVERSION = YES;
				CLANG_WARN_COMMA = YES;
				CLANG_WARN_CONSTANT_CONVERSION = YES;
				CLANG_WARN_DIRECT_OBJC_ISA_USAGE = YES_ERROR;
				CLANG_WARN_DOCUMENTATION_COMMENTS = YES;
				CLANG_WARN_EMPTY_BODY = YES;
				CLANG_WARN_ENUM_CONVERSION = YES;
				CLANG_WARN_INFINITE_RECURSION = YES;
				CLANG_WARN_INT_CONVERSION = YES;
				CLANG_WARN_NON_LITERAL_NULL_CONVERSION = YES;
				CLANG_WARN_OBJC_LITERAL_CONVERSION = YES;
				CLANG_WARN_OBJC_ROOT_CLASS = YES_ERROR;
				CLANG_WARN_RANGE_LOOP_ANALYSIS = YES;
				CLANG_WARN_STRICT_PROTOTYPES = YES;
				CLANG_WARN_SUSPICIOUS_MOVE = YES;
				CLANG_WARN_UNGUARDED_AVAILABILITY = YES_AGGRESSIVE;
				CLANG_WARN_UNREACHABLE_CODE = YES;
				CLANG_WARN__DUPLICATE_METHOD_MATCH = YES;
				CODE_SIGN_IDENTITY = "Mac Developer";
				COPY_PHASE_STRIP = NO;
				DEBUG_INFORMATION_FORMAT = "dwarf-with-dsym";
				ENABLE_NS_ASSERTIONS = NO;
				ENABLE_STRICT_OBJC_MSGSEND = YES;
				GCC_C_LANGUAGE_STANDARD = gnu11;
				GCC_NO_COMMON_BLOCKS = YES;
				GCC_WARN_64_TO_32_BIT_CONVERSION = YES;
				GCC_WARN_ABOUT_RETURN_TYPE = YES_ERROR;
				GCC_WARN_UNDECLARED_SELECTOR = YES;
				GCC_WARN_UNINITIALIZED_AUTOS = YES_AGGRESSIVE;
				GCC_WARN_UNUSED_FUNCTION = YES;
				GCC_WARN_UNUSED_VARIABLE = YES;
				MACOSX_DEPLOYMENT_TARGET = 10.12;
				MTL_ENABLE_DEBUG_INFO = NO;
				SDKROOT = macosx;
			};
			name = Release;
		};
		EC903D8220BE31ED001CCEAD /* Debug */ = {
			isa = XCBuildConfiguration;
			buildSettings = {
				CODE_SIGN_STYLE = Automatic;
				DEVELOPMENT_TEAM = 58W4HKZ65K;
				LIBRARY_SEARCH_PATHS = (
					"$(inherited)",
					"$(PROJECT_DIR)/NServerDuplicate/libev",
				);
				PRODUCT_NAME = "$(TARGET_NAME)";
			};
			name = Debug;
		};
		EC903D8320BE31ED001CCEAD /* Release */ = {
			isa = XCBuildConfiguration;
			buildSettings = {
				CODE_SIGN_STYLE = Automatic;
				DEVELOPMENT_TEAM = 58W4HKZ65K;
				LIBRARY_SEARCH_PATHS = (
					"$(inherited)",
					"$(PROJECT_DIR)/NServerDuplicate/libev",
				);
				PRODUCT_NAME = "$(TARGET_NAME)";
			};
			name = Release;
		};
/* End XCBuildConfiguration section */

/* Begin XCConfigurationList section */
		EC903D7520BE31ED001CCEAD /* Build configuration list for PBXProject "NServerDuplicate" */ = {
			isa = XCConfigurationList;
			buildConfigurations = (
				EC903D7F20BE31ED001CCEAD /* Debug */,
				EC903D8020BE31ED001CCEAD /* Release */,
			);
			defaultConfigurationIsVisible = 0;
			defaultConfigurationName = Release;
		};
		EC903D8120BE31ED001CCEAD /* Build configuration list for PBXNativeTarget "NServerDuplicate" */ = {
			isa = XCConfigurationList;
			buildConfigurations = (
				EC903D8220BE31ED001CCEAD /* Debug */,
				EC903D8320BE31ED001CCEAD /* Release */,
			);
			defaultConfigurationIsVisible = 0;
			defaultConfigurationName = Release;
		};
/* End XCConfigurationList section */
	};
	rootObject = EC903D7220BE31ED001CCEAD /* Project object */;
}
