// !$*UTF8*$!
{
	archiveVersion = 1;
	classes = {
	};
	objectVersion = 48;
	objects = {

/* Begin PBXBuildFile section */
		EC7EA9DC20C8C9110007A308 /* CMAC_TEST.c in Sources */ = {isa = PBXBuildFile; fileRef = EC7EA9DA20C8C9110007A308 /* CMAC_TEST.c */; };
		ECA3E25720D10E3800EF80DA /* SuanFa.c in Sources */ = {isa = PBXBuildFile; fileRef = ECA3E25520D10E3800EF80DA /* SuanFa.c */; };
		ECA3E3E120D1121800EF80DA /* libcrypto.a in Frameworks */ = {isa = PBXBuildFile; fileRef = ECA3E3E020D1121800EF80DA /* libcrypto.a */; };
		ECC9C00420C0EF5C00A864E1 /* AEST.c in Sources */ = {isa = PBXBuildFile; fileRef = ECC9C00220C0EF5C00A864E1 /* AEST.c */; };
		ECC9C00720C0F9FB00A864E1 /* aes.c in Sources */ = {isa = PBXBuildFile; fileRef = ECC9C00520C0F9FA00A864E1 /* aes.c */; };
		ECE0C3D620BFC6BC00BB31F3 /* main.c in Sources */ = {isa = PBXBuildFile; fileRef = ECE0C3D520BFC6BC00BB31F3 /* main.c */; };
		ECE0C46120BFCE7A00BB31F3 /* LoraTest.c in Sources */ = {isa = PBXBuildFile; fileRef = ECE0C45F20BFCE7A00BB31F3 /* LoraTest.c */; };
/* End PBXBuildFile section */

/* Begin PBXCopyFilesBuildPhase section */
		ECE0C3D020BFC6BC00BB31F3 /* CopyFiles */ = {
			isa = PBXCopyFilesBuildPhase;
			buildActionMask = 2147483647;
			dstPath = /usr/share/man/man1/;
			dstSubfolderSpec = 0;
			files = (
			);
			runOnlyForDeploymentPostprocessing = 1;
		};
/* End PBXCopyFilesBuildPhase section */

/* Begin PBXFileReference section */
		EC7EA9DA20C8C9110007A308 /* CMAC_TEST.c */ = {isa = PBXFileReference; lastKnownFileType = sourcecode.c.c; path = CMAC_TEST.c; sourceTree = "<group>"; };
		EC7EA9DB20C8C9110007A308 /* CMAC_TEST.h */ = {isa = PBXFileReference; lastKnownFileType = sourcecode.c.h; path = CMAC_TEST.h; sourceTree = "<group>"; };
		ECA3E25520D10E3800EF80DA /* SuanFa.c */ = {isa = PBXFileReference; lastKnownFileType = sourcecode.c.c; path = SuanFa.c; sourceTree = "<group>"; };
		ECA3E25620D10E3800EF80DA /* SuanFa.h */ = {isa = PBXFileReference; lastKnownFileType = sourcecode.c.h; path = SuanFa.h; sourceTree = "<group>"; };
		ECA3E3E020D1121800EF80DA /* libcrypto.a */ = {isa = PBXFileReference; lastKnownFileType = archive.ar; name = libcrypto.a; path = openssl/libcrypto.a; sourceTree = "<group>"; };
		ECA3E3E220D1135100EF80DA /* DataType.h */ = {isa = PBXFileReference; lastKnownFileType = sourcecode.c.h; path = DataType.h; sourceTree = "<group>"; };
		ECA3E3E520D1139800EF80DA /* __DECC_INCLUDE_EPILOGUE.H */ = {isa = PBXFileReference; fileEncoding = 4; lastKnownFileType = sourcecode.cpp.h; path = __DECC_INCLUDE_EPILOGUE.H; sourceTree = "<group>"; };
		ECA3E3E620D1139800EF80DA /* __DECC_INCLUDE_PROLOGUE.H */ = {isa = PBXFileReference; fileEncoding = 4; lastKnownFileType = sourcecode.cpp.h; path = __DECC_INCLUDE_PROLOGUE.H; sourceTree = "<group>"; };
		ECA3E3E720D1139800EF80DA /* bio.h */ = {isa = PBXFileReference; fileEncoding = 4; lastKnownFileType = sourcecode.c.h; path = bio.h; sourceTree = "<group>"; };
		ECA3E3E820D1139800EF80DA /* comp.h */ = {isa = PBXFileReference; fileEncoding = 4; lastKnownFileType = sourcecode.c.h; path = comp.h; sourceTree = "<group>"; };
		ECA3E3E920D1139800EF80DA /* conf.h */ = {isa = PBXFileReference; fileEncoding = 4; lastKnownFileType = sourcecode.c.h; path = conf.h; sourceTree = "<group>"; };
		ECA3E3EA20D1139800EF80DA /* constant_time_locl.h */ = {isa = PBXFileReference; fileEncoding = 4; lastKnownFileType = sourcecode.c.h; path = constant_time_locl.h; sourceTree = "<group>"; };
		ECA3E3EB20D1139800EF80DA /* cryptlib.h */ = {isa = PBXFileReference; fileEncoding = 4; lastKnownFileType = sourcecode.c.h; path = cryptlib.h; sourceTree = "<group>"; };
		ECA3E3EC20D1139800EF80DA /* dane.h */ = {isa = PBXFileReference; fileEncoding = 4; lastKnownFileType = sourcecode.c.h; path = dane.h; sourceTree = "<group>"; };
		ECA3E3ED20D1139800EF80DA /* dso.h */ = {isa = PBXFileReference; fileEncoding = 4; lastKnownFileType = sourcecode.c.h; path = dso.h; sourceTree = "<group>"; };
		ECA3E3EE20D1139800EF80DA /* dsoerr.h */ = {isa = PBXFileReference; fileEncoding = 4; lastKnownFileType = sourcecode.c.h; path = dsoerr.h; sourceTree = "<group>"; };
		ECA3E3EF20D1139800EF80DA /* err.h */ = {isa = PBXFileReference; fileEncoding = 4; lastKnownFileType = sourcecode.c.h; path = err.h; sourceTree = "<group>"; };
		ECA3E3F020D1139800EF80DA /* nelem.h */ = {isa = PBXFileReference; fileEncoding = 4; lastKnownFileType = sourcecode.c.h; path = nelem.h; sourceTree = "<group>"; };
		ECA3E3F120D1139800EF80DA /* numbers.h */ = {isa = PBXFileReference; fileEncoding = 4; lastKnownFileType = sourcecode.c.h; path = numbers.h; sourceTree = "<group>"; };
		ECA3E3F220D1139800EF80DA /* o_dir.h */ = {isa = PBXFileReference; fileEncoding = 4; lastKnownFileType = sourcecode.c.h; path = o_dir.h; sourceTree = "<group>"; };
		ECA3E3F320D1139800EF80DA /* o_str.h */ = {isa = PBXFileReference; fileEncoding = 4; lastKnownFileType = sourcecode.c.h; path = o_str.h; sourceTree = "<group>"; };
		ECA3E3F420D1139800EF80DA /* rand.h */ = {isa = PBXFileReference; fileEncoding = 4; lastKnownFileType = sourcecode.c.h; path = rand.h; sourceTree = "<group>"; };
		ECA3E3F520D1139800EF80DA /* refcount.h */ = {isa = PBXFileReference; fileEncoding = 4; lastKnownFileType = sourcecode.c.h; path = refcount.h; sourceTree = "<group>"; };
		ECA3E3F620D1139800EF80DA /* sockets.h */ = {isa = PBXFileReference; fileEncoding = 4; lastKnownFileType = sourcecode.c.h; path = sockets.h; sourceTree = "<group>"; };
		ECA3E3F720D1139800EF80DA /* thread_once.h */ = {isa = PBXFileReference; fileEncoding = 4; lastKnownFileType = sourcecode.c.h; path = thread_once.h; sourceTree = "<group>"; };
		ECA3E3F920D1139800EF80DA /* __DECC_INCLUDE_EPILOGUE.H */ = {isa = PBXFileReference; fileEncoding = 4; lastKnownFileType = sourcecode.cpp.h; path = __DECC_INCLUDE_EPILOGUE.H; sourceTree = "<group>"; };
		ECA3E3FA20D1139800EF80DA /* __DECC_INCLUDE_PROLOGUE.H */ = {isa = PBXFileReference; fileEncoding = 4; lastKnownFileType = sourcecode.cpp.h; path = __DECC_INCLUDE_PROLOGUE.H; sourceTree = "<group>"; };
		ECA3E3FB20D1139800EF80DA /* aes.h */ = {isa = PBXFileReference; fileEncoding = 4; lastKnownFileType = sourcecode.c.h; path = aes.h; sourceTree = "<group>"; };
		ECA3E3FC20D1139800EF80DA /* asn1.h */ = {isa = PBXFileReference; fileEncoding = 4; lastKnownFileType = sourcecode.c.h; path = asn1.h; sourceTree = "<group>"; };
		ECA3E3FD20D1139800EF80DA /* asn1_mac.h */ = {isa = PBXFileReference; fileEncoding = 4; lastKnownFileType = sourcecode.c.h; path = asn1_mac.h; sourceTree = "<group>"; };
		ECA3E3FE20D1139800EF80DA /* asn1err.h */ = {isa = PBXFileReference; fileEncoding = 4; lastKnownFileType = sourcecode.c.h; path = asn1err.h; sourceTree = "<group>"; };
		ECA3E3FF20D1139800EF80DA /* asn1t.h */ = {isa = PBXFileReference; fileEncoding = 4; lastKnownFileType = sourcecode.c.h; path = asn1t.h; sourceTree = "<group>"; };
		ECA3E40020D1139800EF80DA /* async.h */ = {isa = PBXFileReference; fileEncoding = 4; lastKnownFileType = sourcecode.c.h; path = async.h; sourceTree = "<group>"; };
		ECA3E40120D1139800EF80DA /* asyncerr.h */ = {isa = PBXFileReference; fileEncoding = 4; lastKnownFileType = sourcecode.c.h; path = asyncerr.h; sourceTree = "<group>"; };
		ECA3E40220D1139800EF80DA /* bio.h */ = {isa = PBXFileReference; fileEncoding = 4; lastKnownFileType = sourcecode.c.h; path = bio.h; sourceTree = "<group>"; };
		ECA3E40320D1139800EF80DA /* bioerr.h */ = {isa = PBXFileReference; fileEncoding = 4; lastKnownFileType = sourcecode.c.h; path = bioerr.h; sourceTree = "<group>"; };
		ECA3E40420D1139800EF80DA /* blowfish.h */ = {isa = PBXFileReference; fileEncoding = 4; lastKnownFileType = sourcecode.c.h; path = blowfish.h; sourceTree = "<group>"; };
		ECA3E40520D1139800EF80DA /* bn.h */ = {isa = PBXFileReference; fileEncoding = 4; lastKnownFileType = sourcecode.c.h; path = bn.h; sourceTree = "<group>"; };
		ECA3E40620D1139800EF80DA /* bnerr.h */ = {isa = PBXFileReference; fileEncoding = 4; lastKnownFileType = sourcecode.c.h; path = bnerr.h; sourceTree = "<group>"; };
		ECA3E40720D1139800EF80DA /* buffer.h */ = {isa = PBXFileReference; fileEncoding = 4; lastKnownFileType = sourcecode.c.h; path = buffer.h; sourceTree = "<group>"; };
		ECA3E40820D1139800EF80DA /* buffererr.h */ = {isa = PBXFileReference; fileEncoding = 4; lastKnownFileType = sourcecode.c.h; path = buffererr.h; sourceTree = "<group>"; };
		ECA3E40920D1139800EF80DA /* camellia.h */ = {isa = PBXFileReference; fileEncoding = 4; lastKnownFileType = sourcecode.c.h; path = camellia.h; sourceTree = "<group>"; };
		ECA3E40A20D1139800EF80DA /* cast.h */ = {isa = PBXFileReference; fileEncoding = 4; lastKnownFileType = sourcecode.c.h; path = cast.h; sourceTree = "<group>"; };
		ECA3E40B20D1139800EF80DA /* cmac.h */ = {isa = PBXFileReference; fileEncoding = 4; lastKnownFileType = sourcecode.c.h; path = cmac.h; sourceTree = "<group>"; };
		ECA3E40C20D1139800EF80DA /* cms.h */ = {isa = PBXFileReference; fileEncoding = 4; lastKnownFileType = sourcecode.c.h; path = cms.h; sourceTree = "<group>"; };
		ECA3E40D20D1139800EF80DA /* cmserr.h */ = {isa = PBXFileReference; fileEncoding = 4; lastKnownFileType = sourcecode.c.h; path = cmserr.h; sourceTree = "<group>"; };
		ECA3E40E20D1139800EF80DA /* comp.h */ = {isa = PBXFileReference; fileEncoding = 4; lastKnownFileType = sourcecode.c.h; path = comp.h; sourceTree = "<group>"; };
		ECA3E40F20D1139800EF80DA /* comperr.h */ = {isa = PBXFileReference; fileEncoding = 4; lastKnownFileType = sourcecode.c.h; path = comperr.h; sourceTree = "<group>"; };
		ECA3E41020D1139800EF80DA /* conf.h */ = {isa = PBXFileReference; fileEncoding = 4; lastKnownFileType = sourcecode.c.h; path = conf.h; sourceTree = "<group>"; };
		ECA3E41120D1139800EF80DA /* conf_api.h */ = {isa = PBXFileReference; fileEncoding = 4; lastKnownFileType = sourcecode.c.h; path = conf_api.h; sourceTree = "<group>"; };
		ECA3E41220D1139800EF80DA /* conferr.h */ = {isa = PBXFileReference; fileEncoding = 4; lastKnownFileType = sourcecode.c.h; path = conferr.h; sourceTree = "<group>"; };
		ECA3E41320D1139800EF80DA /* crypto.h */ = {isa = PBXFileReference; fileEncoding = 4; lastKnownFileType = sourcecode.c.h; path = crypto.h; sourceTree = "<group>"; };
		ECA3E41420D1139800EF80DA /* cryptoerr.h */ = {isa = PBXFileReference; fileEncoding = 4; lastKnownFileType = sourcecode.c.h; path = cryptoerr.h; sourceTree = "<group>"; };
		ECA3E41520D1139800EF80DA /* ct.h */ = {isa = PBXFileReference; fileEncoding = 4; lastKnownFileType = sourcecode.c.h; path = ct.h; sourceTree = "<group>"; };
		ECA3E41620D1139800EF80DA /* cterr.h */ = {isa = PBXFileReference; fileEncoding = 4; lastKnownFileType = sourcecode.c.h; path = cterr.h; sourceTree = "<group>"; };
		ECA3E41720D1139800EF80DA /* des.h */ = {isa = PBXFileReference; fileEncoding = 4; lastKnownFileType = sourcecode.c.h; path = des.h; sourceTree = "<group>"; };
		ECA3E41820D1139800EF80DA /* dh.h */ = {isa = PBXFileReference; fileEncoding = 4; lastKnownFileType = sourcecode.c.h; path = dh.h; sourceTree = "<group>"; };
		ECA3E41920D1139800EF80DA /* dherr.h */ = {isa = PBXFileReference; fileEncoding = 4; lastKnownFileType = sourcecode.c.h; path = dherr.h; sourceTree = "<group>"; };
		ECA3E41A20D1139800EF80DA /* dsa.h */ = {isa = PBXFileReference; fileEncoding = 4; lastKnownFileType = sourcecode.c.h; path = dsa.h; sourceTree = "<group>"; };
		ECA3E41B20D1139800EF80DA /* dsaerr.h */ = {isa = PBXFileReference; fileEncoding = 4; lastKnownFileType = sourcecode.c.h; path = dsaerr.h; sourceTree = "<group>"; };
		ECA3E41C20D1139800EF80DA /* dtls1.h */ = {isa = PBXFileReference; fileEncoding = 4; lastKnownFileType = sourcecode.c.h; path = dtls1.h; sourceTree = "<group>"; };
		ECA3E41D20D1139800EF80DA /* e_os2.h */ = {isa = PBXFileReference; fileEncoding = 4; lastKnownFileType = sourcecode.c.h; path = e_os2.h; sourceTree = "<group>"; };
		ECA3E41E20D1139800EF80DA /* ebcdic.h */ = {isa = PBXFileReference; fileEncoding = 4; lastKnownFileType = sourcecode.c.h; path = ebcdic.h; sourceTree = "<group>"; };
		ECA3E41F20D1139800EF80DA /* ec.h */ = {isa = PBXFileReference; fileEncoding = 4; lastKnownFileType = sourcecode.c.h; path = ec.h; sourceTree = "<group>"; };
		ECA3E42020D1139800EF80DA /* ecdh.h */ = {isa = PBXFileReference; fileEncoding = 4; lastKnownFileType = sourcecode.c.h; path = ecdh.h; sourceTree = "<group>"; };
		ECA3E42120D1139800EF80DA /* ecdsa.h */ = {isa = PBXFileReference; fileEncoding = 4; lastKnownFileType = sourcecode.c.h; path = ecdsa.h; sourceTree = "<group>"; };
		ECA3E42220D1139800EF80DA /* ecerr.h */ = {isa = PBXFileReference; fileEncoding = 4; lastKnownFileType = sourcecode.c.h; path = ecerr.h; sourceTree = "<group>"; };
		ECA3E42320D1139800EF80DA /* engine.h */ = {isa = PBXFileReference; fileEncoding = 4; lastKnownFileType = sourcecode.c.h; path = engine.h; sourceTree = "<group>"; };
		ECA3E42420D1139800EF80DA /* engineerr.h */ = {isa = PBXFileReference; fileEncoding = 4; lastKnownFileType = sourcecode.c.h; path = engineerr.h; sourceTree = "<group>"; };
		ECA3E42520D1139800EF80DA /* err.h */ = {isa = PBXFileReference; fileEncoding = 4; lastKnownFileType = sourcecode.c.h; path = err.h; sourceTree = "<group>"; };
		ECA3E42620D1139800EF80DA /* evp.h */ = {isa = PBXFileReference; fileEncoding = 4; lastKnownFileType = sourcecode.c.h; path = evp.h; sourceTree = "<group>"; };
		ECA3E42720D1139800EF80DA /* evperr.h */ = {isa = PBXFileReference; fileEncoding = 4; lastKnownFileType = sourcecode.c.h; path = evperr.h; sourceTree = "<group>"; };
		ECA3E42820D1139800EF80DA /* hmac.h */ = {isa = PBXFileReference; fileEncoding = 4; lastKnownFileType = sourcecode.c.h; path = hmac.h; sourceTree = "<group>"; };
		ECA3E42920D1139800EF80DA /* idea.h */ = {isa = PBXFileReference; fileEncoding = 4; lastKnownFileType = sourcecode.c.h; path = idea.h; sourceTree = "<group>"; };
		ECA3E42A20D1139800EF80DA /* kdf.h */ = {isa = PBXFileReference; fileEncoding = 4; lastKnownFileType = sourcecode.c.h; path = kdf.h; sourceTree = "<group>"; };
		ECA3E42B20D1139800EF80DA /* kdferr.h */ = {isa = PBXFileReference; fileEncoding = 4; lastKnownFileType = sourcecode.c.h; path = kdferr.h; sourceTree = "<group>"; };
		ECA3E42C20D1139800EF80DA /* lhash.h */ = {isa = PBXFileReference; fileEncoding = 4; lastKnownFileType = sourcecode.c.h; path = lhash.h; sourceTree = "<group>"; };
		ECA3E42D20D1139800EF80DA /* md2.h */ = {isa = PBXFileReference; fileEncoding = 4; lastKnownFileType = sourcecode.c.h; path = md2.h; sourceTree = "<group>"; };
		ECA3E42E20D1139800EF80DA /* md4.h */ = {isa = PBXFileReference; fileEncoding = 4; lastKnownFileType = sourcecode.c.h; path = md4.h; sourceTree = "<group>"; };
		ECA3E42F20D1139800EF80DA /* md5.h */ = {isa = PBXFileReference; fileEncoding = 4; lastKnownFileType = sourcecode.c.h; path = md5.h; sourceTree = "<group>"; };
		ECA3E43020D1139800EF80DA /* mdc2.h */ = {isa = PBXFileReference; fileEncoding = 4; lastKnownFileType = sourcecode.c.h; path = mdc2.h; sourceTree = "<group>"; };
		ECA3E43120D1139800EF80DA /* modes.h */ = {isa = PBXFileReference; fileEncoding = 4; lastKnownFileType = sourcecode.c.h; path = modes.h; sourceTree = "<group>"; };
		ECA3E43220D1139800EF80DA /* obj_mac.h */ = {isa = PBXFileReference; fileEncoding = 4; lastKnownFileType = sourcecode.c.h; path = obj_mac.h; sourceTree = "<group>"; };
		ECA3E43320D1139800EF80DA /* objects.h */ = {isa = PBXFileReference; fileEncoding = 4; lastKnownFileType = sourcecode.c.h; path = objects.h; sourceTree = "<group>"; };
		ECA3E43420D1139800EF80DA /* objectserr.h */ = {isa = PBXFileReference; fileEncoding = 4; lastKnownFileType = sourcecode.c.h; path = objectserr.h; sourceTree = "<group>"; };
		ECA3E43520D1139800EF80DA /* ocsp.h */ = {isa = PBXFileReference; fileEncoding = 4; lastKnownFileType = sourcecode.c.h; path = ocsp.h; sourceTree = "<group>"; };
		ECA3E43620D1139800EF80DA /* ocsperr.h */ = {isa = PBXFileReference; fileEncoding = 4; lastKnownFileType = sourcecode.c.h; path = ocsperr.h; sourceTree = "<group>"; };
		ECA3E43720D1139800EF80DA /* opensslconf.h */ = {isa = PBXFileReference; fileEncoding = 4; lastKnownFileType = sourcecode.c.h; path = opensslconf.h; sourceTree = "<group>"; };
		ECA3E43820D1139800EF80DA /* opensslconf.h.in */ = {isa = PBXFileReference; fileEncoding = 4; lastKnownFileType = text; path = opensslconf.h.in; sourceTree = "<group>"; };
		ECA3E43920D1139800EF80DA /* opensslv.h */ = {isa = PBXFileReference; fileEncoding = 4; lastKnownFileType = sourcecode.c.h; path = opensslv.h; sourceTree = "<group>"; };
		ECA3E43A20D1139800EF80DA /* ossl_typ.h */ = {isa = PBXFileReference; fileEncoding = 4; lastKnownFileType = sourcecode.c.h; path = ossl_typ.h; sourceTree = "<group>"; };
		ECA3E43B20D1139800EF80DA /* pem.h */ = {isa = PBXFileReference; fileEncoding = 4; lastKnownFileType = sourcecode.c.h; path = pem.h; sourceTree = "<group>"; };
		ECA3E43C20D1139800EF80DA /* pem2.h */ = {isa = PBXFileReference; fileEncoding = 4; lastKnownFileType = sourcecode.c.h; path = pem2.h; sourceTree = "<group>"; };
		ECA3E43D20D1139800EF80DA /* pemerr.h */ = {isa = PBXFileReference; fileEncoding = 4; lastKnownFileType = sourcecode.c.h; path = pemerr.h; sourceTree = "<group>"; };
		ECA3E43E20D1139800EF80DA /* pkcs12.h */ = {isa = PBXFileReference; fileEncoding = 4; lastKnownFileType = sourcecode.c.h; path = pkcs12.h; sourceTree = "<group>"; };
		ECA3E43F20D1139800EF80DA /* pkcs12err.h */ = {isa = PBXFileReference; fileEncoding = 4; lastKnownFileType = sourcecode.c.h; path = pkcs12err.h; sourceTree = "<group>"; };
		ECA3E44020D1139800EF80DA /* pkcs7.h */ = {isa = PBXFileReference; fileEncoding = 4; lastKnownFileType = sourcecode.c.h; path = pkcs7.h; sourceTree = "<group>"; };
		ECA3E44120D1139800EF80DA /* pkcs7err.h */ = {isa = PBXFileReference; fileEncoding = 4; lastKnownFileType = sourcecode.c.h; path = pkcs7err.h; sourceTree = "<group>"; };
		ECA3E44220D1139800EF80DA /* rand.h */ = {isa = PBXFileReference; fileEncoding = 4; lastKnownFileType = sourcecode.c.h; path = rand.h; sourceTree = "<group>"; };
		ECA3E44320D1139800EF80DA /* randerr.h */ = {isa = PBXFileReference; fileEncoding = 4; lastKnownFileType = sourcecode.c.h; path = randerr.h; sourceTree = "<group>"; };
		ECA3E44420D1139800EF80DA /* rc2.h */ = {isa = PBXFileReference; fileEncoding = 4; lastKnownFileType = sourcecode.c.h; path = rc2.h; sourceTree = "<group>"; };
		ECA3E44520D1139800EF80DA /* rc4.h */ = {isa = PBXFileReference; fileEncoding = 4; lastKnownFileType = sourcecode.c.h; path = rc4.h; sourceTree = "<group>"; };
		ECA3E44620D1139800EF80DA /* rc5.h */ = {isa = PBXFileReference; fileEncoding = 4; lastKnownFileType = sourcecode.c.h; path = rc5.h; sourceTree = "<group>"; };
		ECA3E44720D1139800EF80DA /* ripemd.h */ = {isa = PBXFileReference; fileEncoding = 4; lastKnownFileType = sourcecode.c.h; path = ripemd.h; sourceTree = "<group>"; };
		ECA3E44820D1139800EF80DA /* rsa.h */ = {isa = PBXFileReference; fileEncoding = 4; lastKnownFileType = sourcecode.c.h; path = rsa.h; sourceTree = "<group>"; };
		ECA3E44920D1139800EF80DA /* rsaerr.h */ = {isa = PBXFileReference; fileEncoding = 4; lastKnownFileType = sourcecode.c.h; path = rsaerr.h; sourceTree = "<group>"; };
		ECA3E44A20D1139800EF80DA /* safestack.h */ = {isa = PBXFileReference; fileEncoding = 4; lastKnownFileType = sourcecode.c.h; path = safestack.h; sourceTree = "<group>"; };
		ECA3E44B20D1139800EF80DA /* seed.h */ = {isa = PBXFileReference; fileEncoding = 4; lastKnownFileType = sourcecode.c.h; path = seed.h; sourceTree = "<group>"; };
		ECA3E44C20D1139800EF80DA /* sha.h */ = {isa = PBXFileReference; fileEncoding = 4; lastKnownFileType = sourcecode.c.h; path = sha.h; sourceTree = "<group>"; };
		ECA3E44D20D1139800EF80DA /* srp.h */ = {isa = PBXFileReference; fileEncoding = 4; lastKnownFileType = sourcecode.c.h; path = srp.h; sourceTree = "<group>"; };
		ECA3E44E20D1139800EF80DA /* srtp.h */ = {isa = PBXFileReference; fileEncoding = 4; lastKnownFileType = sourcecode.c.h; path = srtp.h; sourceTree = "<group>"; };
		ECA3E44F20D1139800EF80DA /* ssl.h */ = {isa = PBXFileReference; fileEncoding = 4; lastKnownFileType = sourcecode.c.h; path = ssl.h; sourceTree = "<group>"; };
		ECA3E45020D1139800EF80DA /* ssl2.h */ = {isa = PBXFileReference; fileEncoding = 4; lastKnownFileType = sourcecode.c.h; path = ssl2.h; sourceTree = "<group>"; };
		ECA3E45120D1139800EF80DA /* ssl3.h */ = {isa = PBXFileReference; fileEncoding = 4; lastKnownFileType = sourcecode.c.h; path = ssl3.h; sourceTree = "<group>"; };
		ECA3E45220D1139800EF80DA /* sslerr.h */ = {isa = PBXFileReference; fileEncoding = 4; lastKnownFileType = sourcecode.c.h; path = sslerr.h; sourceTree = "<group>"; };
		ECA3E45320D1139800EF80DA /* stack.h */ = {isa = PBXFileReference; fileEncoding = 4; lastKnownFileType = sourcecode.c.h; path = stack.h; sourceTree = "<group>"; };
		ECA3E45420D1139800EF80DA /* store.h */ = {isa = PBXFileReference; fileEncoding = 4; lastKnownFileType = sourcecode.c.h; path = store.h; sourceTree = "<group>"; };
		ECA3E45520D1139800EF80DA /* storeerr.h */ = {isa = PBXFileReference; fileEncoding = 4; lastKnownFileType = sourcecode.c.h; path = storeerr.h; sourceTree = "<group>"; };
		ECA3E45620D1139800EF80DA /* symhacks.h */ = {isa = PBXFileReference; fileEncoding = 4; lastKnownFileType = sourcecode.c.h; path = symhacks.h; sourceTree = "<group>"; };
		ECA3E45720D1139800EF80DA /* tls1.h */ = {isa = PBXFileReference; fileEncoding = 4; lastKnownFileType = sourcecode.c.h; path = tls1.h; sourceTree = "<group>"; };
		ECA3E45820D1139800EF80DA /* ts.h */ = {isa = PBXFileReference; fileEncoding = 4; lastKnownFileType = sourcecode.c.h; path = ts.h; sourceTree = "<group>"; };
		ECA3E45920D1139800EF80DA /* tserr.h */ = {isa = PBXFileReference; fileEncoding = 4; lastKnownFileType = sourcecode.c.h; path = tserr.h; sourceTree = "<group>"; };
		ECA3E45A20D1139800EF80DA /* txt_db.h */ = {isa = PBXFileReference; fileEncoding = 4; lastKnownFileType = sourcecode.c.h; path = txt_db.h; sourceTree = "<group>"; };
		ECA3E45B20D1139800EF80DA /* ui.h */ = {isa = PBXFileReference; fileEncoding = 4; lastKnownFileType = sourcecode.c.h; path = ui.h; sourceTree = "<group>"; };
		ECA3E45C20D1139800EF80DA /* uierr.h */ = {isa = PBXFileReference; fileEncoding = 4; lastKnownFileType = sourcecode.c.h; path = uierr.h; sourceTree = "<group>"; };
		ECA3E45D20D1139800EF80DA /* whrlpool.h */ = {isa = PBXFileReference; fileEncoding = 4; lastKnownFileType = sourcecode.c.h; path = whrlpool.h; sourceTree = "<group>"; };
		ECA3E45E20D1139800EF80DA /* x509.h */ = {isa = PBXFileReference; fileEncoding = 4; lastKnownFileType = sourcecode.c.h; path = x509.h; sourceTree = "<group>"; };
		ECA3E45F20D1139800EF80DA /* x509_vfy.h */ = {isa = PBXFileReference; fileEncoding = 4; lastKnownFileType = sourcecode.c.h; path = x509_vfy.h; sourceTree = "<group>"; };
		ECA3E46020D1139800EF80DA /* x509err.h */ = {isa = PBXFileReference; fileEncoding = 4; lastKnownFileType = sourcecode.c.h; path = x509err.h; sourceTree = "<group>"; };
		ECA3E46120D1139800EF80DA /* x509v3.h */ = {isa = PBXFileReference; fileEncoding = 4; lastKnownFileType = sourcecode.c.h; path = x509v3.h; sourceTree = "<group>"; };
		ECA3E46220D1139800EF80DA /* x509v3err.h */ = {isa = PBXFileReference; fileEncoding = 4; lastKnownFileType = sourcecode.c.h; path = x509v3err.h; sourceTree = "<group>"; };
		ECC9C00220C0EF5C00A864E1 /* AEST.c */ = {isa = PBXFileReference; lastKnownFileType = sourcecode.c.c; path = AEST.c; sourceTree = "<group>"; };
		ECC9C00320C0EF5C00A864E1 /* AEST.h */ = {isa = PBXFileReference; lastKnownFileType = sourcecode.c.h; path = AEST.h; sourceTree = "<group>"; };
		ECC9C00520C0F9FA00A864E1 /* aes.c */ = {isa = PBXFileReference; fileEncoding = 4; lastKnownFileType = sourcecode.c.c; path = aes.c; sourceTree = "<group>"; };
		ECC9C00620C0F9FA00A864E1 /* aes.h */ = {isa = PBXFileReference; fileEncoding = 4; lastKnownFileType = sourcecode.c.h; path = aes.h; sourceTree = "<group>"; };
		ECE0C3D220BFC6BC00BB31F3 /* CAESKEY */ = {isa = PBXFileReference; explicitFileType = "compiled.mach-o.executable"; includeInIndex = 0; path = CAESKEY; sourceTree = BUILT_PRODUCTS_DIR; };
		ECE0C3D520BFC6BC00BB31F3 /* main.c */ = {isa = PBXFileReference; lastKnownFileType = sourcecode.c.c; path = main.c; sourceTree = "<group>"; };
		ECE0C45F20BFCE7A00BB31F3 /* LoraTest.c */ = {isa = PBXFileReference; lastKnownFileType = sourcecode.c.c; path = LoraTest.c; sourceTree = "<group>"; };
		ECE0C46020BFCE7A00BB31F3 /* LoraTest.h */ = {isa = PBXFileReference; lastKnownFileType = sourcecode.c.h; path = LoraTest.h; sourceTree = "<group>"; };
/* End PBXFileReference section */

/* Begin PBXFrameworksBuildPhase section */
		ECE0C3CF20BFC6BC00BB31F3 /* Frameworks */ = {
			isa = PBXFrameworksBuildPhase;
			buildActionMask = 2147483647;
			files = (
				ECA3E3E120D1121800EF80DA /* libcrypto.a in Frameworks */,
			);
			runOnlyForDeploymentPostprocessing = 0;
		};
/* End PBXFrameworksBuildPhase section */

/* Begin PBXGroup section */
		ECA3E3E320D1139800EF80DA /* include */ = {
			isa = PBXGroup;
			children = (
				ECA3E3E420D1139800EF80DA /* internal */,
				ECA3E3F820D1139800EF80DA /* openssl */,
			);
			name = include;
			path = openssl/include;
			sourceTree = "<group>";
		};
		ECA3E3E420D1139800EF80DA /* internal */ = {
			isa = PBXGroup;
			children = (
				ECA3E3E520D1139800EF80DA /* __DECC_INCLUDE_EPILOGUE.H */,
				ECA3E3E620D1139800EF80DA /* __DECC_INCLUDE_PROLOGUE.H */,
				ECA3E3E720D1139800EF80DA /* bio.h */,
				ECA3E3E820D1139800EF80DA /* comp.h */,
				ECA3E3E920D1139800EF80DA /* conf.h */,
				ECA3E3EA20D1139800EF80DA /* constant_time_locl.h */,
				ECA3E3EB20D1139800EF80DA /* cryptlib.h */,
				ECA3E3EC20D1139800EF80DA /* dane.h */,
				ECA3E3ED20D1139800EF80DA /* dso.h */,
				ECA3E3EE20D1139800EF80DA /* dsoerr.h */,
				ECA3E3EF20D1139800EF80DA /* err.h */,
				ECA3E3F020D1139800EF80DA /* nelem.h */,
				ECA3E3F120D1139800EF80DA /* numbers.h */,
				ECA3E3F220D1139800EF80DA /* o_dir.h */,
				ECA3E3F320D1139800EF80DA /* o_str.h */,
				ECA3E3F420D1139800EF80DA /* rand.h */,
				ECA3E3F520D1139800EF80DA /* refcount.h */,
				ECA3E3F620D1139800EF80DA /* sockets.h */,
				ECA3E3F720D1139800EF80DA /* thread_once.h */,
			);
			path = internal;
			sourceTree = "<group>";
		};
		ECA3E3F820D1139800EF80DA /* openssl */ = {
			isa = PBXGroup;
			children = (
				ECA3E3F920D1139800EF80DA /* __DECC_INCLUDE_EPILOGUE.H */,
				ECA3E3FA20D1139800EF80DA /* __DECC_INCLUDE_PROLOGUE.H */,
				ECA3E3FB20D1139800EF80DA /* aes.h */,
				ECA3E3FC20D1139800EF80DA /* asn1.h */,
				ECA3E3FD20D1139800EF80DA /* asn1_mac.h */,
				ECA3E3FE20D1139800EF80DA /* asn1err.h */,
				ECA3E3FF20D1139800EF80DA /* asn1t.h */,
				ECA3E40020D1139800EF80DA /* async.h */,
				ECA3E40120D1139800EF80DA /* asyncerr.h */,
				ECA3E40220D1139800EF80DA /* bio.h */,
				ECA3E40320D1139800EF80DA /* bioerr.h */,
				ECA3E40420D1139800EF80DA /* blowfish.h */,
				ECA3E40520D1139800EF80DA /* bn.h */,
				ECA3E40620D1139800EF80DA /* bnerr.h */,
				ECA3E40720D1139800EF80DA /* buffer.h */,
				ECA3E40820D1139800EF80DA /* buffererr.h */,
				ECA3E40920D1139800EF80DA /* camellia.h */,
				ECA3E40A20D1139800EF80DA /* cast.h */,
				ECA3E40B20D1139800EF80DA /* cmac.h */,
				ECA3E40C20D1139800EF80DA /* cms.h */,
				ECA3E40D20D1139800EF80DA /* cmserr.h */,
				ECA3E40E20D1139800EF80DA /* comp.h */,
				ECA3E40F20D1139800EF80DA /* comperr.h */,
				ECA3E41020D1139800EF80DA /* conf.h */,
				ECA3E41120D1139800EF80DA /* conf_api.h */,
				ECA3E41220D1139800EF80DA /* conferr.h */,
				ECA3E41320D1139800EF80DA /* crypto.h */,
				ECA3E41420D1139800EF80DA /* cryptoerr.h */,
				ECA3E41520D1139800EF80DA /* ct.h */,
				ECA3E41620D1139800EF80DA /* cterr.h */,
				ECA3E41720D1139800EF80DA /* des.h */,
				ECA3E41820D1139800EF80DA /* dh.h */,
				ECA3E41920D1139800EF80DA /* dherr.h */,
				ECA3E41A20D1139800EF80DA /* dsa.h */,
				ECA3E41B20D1139800EF80DA /* dsaerr.h */,
				ECA3E41C20D1139800EF80DA /* dtls1.h */,
				ECA3E41D20D1139800EF80DA /* e_os2.h */,
				ECA3E41E20D1139800EF80DA /* ebcdic.h */,
				ECA3E41F20D1139800EF80DA /* ec.h */,
				ECA3E42020D1139800EF80DA /* ecdh.h */,
				ECA3E42120D1139800EF80DA /* ecdsa.h */,
				ECA3E42220D1139800EF80DA /* ecerr.h */,
				ECA3E42320D1139800EF80DA /* engine.h */,
				ECA3E42420D1139800EF80DA /* engineerr.h */,
				ECA3E42520D1139800EF80DA /* err.h */,
				ECA3E42620D1139800EF80DA /* evp.h */,
				ECA3E42720D1139800EF80DA /* evperr.h */,
				ECA3E42820D1139800EF80DA /* hmac.h */,
				ECA3E42920D1139800EF80DA /* idea.h */,
				ECA3E42A20D1139800EF80DA /* kdf.h */,
				ECA3E42B20D1139800EF80DA /* kdferr.h */,
				ECA3E42C20D1139800EF80DA /* lhash.h */,
				ECA3E42D20D1139800EF80DA /* md2.h */,
				ECA3E42E20D1139800EF80DA /* md4.h */,
				ECA3E42F20D1139800EF80DA /* md5.h */,
				ECA3E43020D1139800EF80DA /* mdc2.h */,
				ECA3E43120D1139800EF80DA /* modes.h */,
				ECA3E43220D1139800EF80DA /* obj_mac.h */,
				ECA3E43320D1139800EF80DA /* objects.h */,
				ECA3E43420D1139800EF80DA /* objectserr.h */,
				ECA3E43520D1139800EF80DA /* ocsp.h */,
				ECA3E43620D1139800EF80DA /* ocsperr.h */,
				ECA3E43720D1139800EF80DA /* opensslconf.h */,
				ECA3E43820D1139800EF80DA /* opensslconf.h.in */,
				ECA3E43920D1139800EF80DA /* opensslv.h */,
				ECA3E43A20D1139800EF80DA /* ossl_typ.h */,
				ECA3E43B20D1139800EF80DA /* pem.h */,
				ECA3E43C20D1139800EF80DA /* pem2.h */,
				ECA3E43D20D1139800EF80DA /* pemerr.h */,
				ECA3E43E20D1139800EF80DA /* pkcs12.h */,
				ECA3E43F20D1139800EF80DA /* pkcs12err.h */,
				ECA3E44020D1139800EF80DA /* pkcs7.h */,
				ECA3E44120D1139800EF80DA /* pkcs7err.h */,
				ECA3E44220D1139800EF80DA /* rand.h */,
				ECA3E44320D1139800EF80DA /* randerr.h */,
				ECA3E44420D1139800EF80DA /* rc2.h */,
				ECA3E44520D1139800EF80DA /* rc4.h */,
				ECA3E44620D1139800EF80DA /* rc5.h */,
				ECA3E44720D1139800EF80DA /* ripemd.h */,
				ECA3E44820D1139800EF80DA /* rsa.h */,
				ECA3E44920D1139800EF80DA /* rsaerr.h */,
				ECA3E44A20D1139800EF80DA /* safestack.h */,
				ECA3E44B20D1139800EF80DA /* seed.h */,
				ECA3E44C20D1139800EF80DA /* sha.h */,
				ECA3E44D20D1139800EF80DA /* srp.h */,
				ECA3E44E20D1139800EF80DA /* srtp.h */,
				ECA3E44F20D1139800EF80DA /* ssl.h */,
				ECA3E45020D1139800EF80DA /* ssl2.h */,
				ECA3E45120D1139800EF80DA /* ssl3.h */,
				ECA3E45220D1139800EF80DA /* sslerr.h */,
				ECA3E45320D1139800EF80DA /* stack.h */,
				ECA3E45420D1139800EF80DA /* store.h */,
				ECA3E45520D1139800EF80DA /* storeerr.h */,
				ECA3E45620D1139800EF80DA /* symhacks.h */,
				ECA3E45720D1139800EF80DA /* tls1.h */,
				ECA3E45820D1139800EF80DA /* ts.h */,
				ECA3E45920D1139800EF80DA /* tserr.h */,
				ECA3E45A20D1139800EF80DA /* txt_db.h */,
				ECA3E45B20D1139800EF80DA /* ui.h */,
				ECA3E45C20D1139800EF80DA /* uierr.h */,
				ECA3E45D20D1139800EF80DA /* whrlpool.h */,
				ECA3E45E20D1139800EF80DA /* x509.h */,
				ECA3E45F20D1139800EF80DA /* x509_vfy.h */,
				ECA3E46020D1139800EF80DA /* x509err.h */,
				ECA3E46120D1139800EF80DA /* x509v3.h */,
				ECA3E46220D1139800EF80DA /* x509v3err.h */,
			);
			path = openssl;
			sourceTree = "<group>";
		};
		ECE0C3C920BFC6BB00BB31F3 = {
			isa = PBXGroup;
			children = (
				ECE0C3D420BFC6BC00BB31F3 /* CAESKEY */,
				ECE0C3D320BFC6BC00BB31F3 /* Products */,
			);
			sourceTree = "<group>";
		};
		ECE0C3D320BFC6BC00BB31F3 /* Products */ = {
			isa = PBXGroup;
			children = (
				ECE0C3D220BFC6BC00BB31F3 /* CAESKEY */,
			);
			name = Products;
			sourceTree = "<group>";
		};
		ECE0C3D420BFC6BC00BB31F3 /* CAESKEY */ = {
			isa = PBXGroup;
			children = (
				ECA3E3E320D1139800EF80DA /* include */,
				ECA3E3E020D1121800EF80DA /* libcrypto.a */,
				ECE0C3D520BFC6BC00BB31F3 /* main.c */,
				EC7EA9DA20C8C9110007A308 /* CMAC_TEST.c */,
				EC7EA9DB20C8C9110007A308 /* CMAC_TEST.h */,
				ECC9C00220C0EF5C00A864E1 /* AEST.c */,
				ECC9C00320C0EF5C00A864E1 /* AEST.h */,
				ECA3E25520D10E3800EF80DA /* SuanFa.c */,
				ECA3E25620D10E3800EF80DA /* SuanFa.h */,
				ECC9C00520C0F9FA00A864E1 /* aes.c */,
				ECC9C00620C0F9FA00A864E1 /* aes.h */,
				ECA3E3E220D1135100EF80DA /* DataType.h */,
				ECE0C45F20BFCE7A00BB31F3 /* LoraTest.c */,
				ECE0C46020BFCE7A00BB31F3 /* LoraTest.h */,
			);
			path = CAESKEY;
			sourceTree = "<group>";
		};
/* End PBXGroup section */

/* Begin PBXNativeTarget section */
		ECE0C3D120BFC6BC00BB31F3 /* CAESKEY */ = {
			isa = PBXNativeTarget;
			buildConfigurationList = ECE0C3D920BFC6BC00BB31F3 /* Build configuration list for PBXNativeTarget "CAESKEY" */;
			buildPhases = (
				ECE0C3CE20BFC6BC00BB31F3 /* Sources */,
				ECE0C3CF20BFC6BC00BB31F3 /* Frameworks */,
				ECE0C3D020BFC6BC00BB31F3 /* CopyFiles */,
			);
			buildRules = (
			);
			dependencies = (
			);
			name = CAESKEY;
			productName = CAESKEY;
			productReference = ECE0C3D220BFC6BC00BB31F3 /* CAESKEY */;
			productType = "com.apple.product-type.tool";
		};
/* End PBXNativeTarget section */

/* Begin PBXProject section */
		ECE0C3CA20BFC6BB00BB31F3 /* Project object */ = {
			isa = PBXProject;
			attributes = {
				LastUpgradeCheck = 0920;
				ORGANIZATIONNAME = admindyn;
				TargetAttributes = {
					ECE0C3D120BFC6BC00BB31F3 = {
						CreatedOnToolsVersion = 9.2;
						ProvisioningStyle = Automatic;
					};
				};
			};
			buildConfigurationList = ECE0C3CD20BFC6BB00BB31F3 /* Build configuration list for PBXProject "CAESKEY" */;
			compatibilityVersion = "Xcode 8.0";
			developmentRegion = en;
			hasScannedForEncodings = 0;
			knownRegions = (
				en,
			);
			mainGroup = ECE0C3C920BFC6BB00BB31F3;
			productRefGroup = ECE0C3D320BFC6BC00BB31F3 /* Products */;
			projectDirPath = "";
			projectRoot = "";
			targets = (
				ECE0C3D120BFC6BC00BB31F3 /* CAESKEY */,
			);
		};
/* End PBXProject section */

/* Begin PBXSourcesBuildPhase section */
		ECE0C3CE20BFC6BC00BB31F3 /* Sources */ = {
			isa = PBXSourcesBuildPhase;
			buildActionMask = 2147483647;
			files = (
				ECE0C3D620BFC6BC00BB31F3 /* main.c in Sources */,
				ECE0C46120BFCE7A00BB31F3 /* LoraTest.c in Sources */,
				EC7EA9DC20C8C9110007A308 /* CMAC_TEST.c in Sources */,
				ECA3E25720D10E3800EF80DA /* SuanFa.c in Sources */,
				ECC9C00420C0EF5C00A864E1 /* AEST.c in Sources */,
				ECC9C00720C0F9FB00A864E1 /* aes.c in Sources */,
			);
			runOnlyForDeploymentPostprocessing = 0;
		};
/* End PBXSourcesBuildPhase section */

/* Begin XCBuildConfiguration section */
		ECE0C3D720BFC6BC00BB31F3 /* Debug */ = {
			isa = XCBuildConfiguration;
			buildSettings = {
				ALWAYS_SEARCH_USER_PATHS = NO;
				CLANG_ANALYZER_NONNULL = YES;
				CLANG_ANALYZER_NUMBER_OBJECT_CONVERSION = YES_AGGRESSIVE;
				CLANG_CXX_LANGUAGE_STANDARD = "gnu++14";
				CLANG_CXX_LIBRARY = "libc++";
				CLANG_ENABLE_MODULES = YES;
				CLANG_ENABLE_OBJC_ARC = YES;
				CLANG_WARN_BLOCK_CAPTURE_AUTORELEASING = YES;
				CLANG_WARN_BOOL_CONVERSION = YES;
				CLANG_WARN_COMMA = YES;
				CLANG_WARN_CONSTANT_CONVERSION = YES;
				CLANG_WARN_DIRECT_OBJC_ISA_USAGE = YES_ERROR;
				CLANG_WARN_DOCUMENTATION_COMMENTS = YES;
				CLANG_WARN_EMPTY_BODY = YES;
				CLANG_WARN_ENUM_CONVERSION = YES;
				CLANG_WARN_INFINITE_RECURSION = YES;
				CLANG_WARN_INT_CONVERSION = YES;
				CLANG_WARN_NON_LITERAL_NULL_CONVERSION = YES;
				CLANG_WARN_OBJC_LITERAL_CONVERSION = YES;
				CLANG_WARN_OBJC_ROOT_CLASS = YES_ERROR;
				CLANG_WARN_RANGE_LOOP_ANALYSIS = YES;
				CLANG_WARN_STRICT_PROTOTYPES = YES;
				CLANG_WARN_SUSPICIOUS_MOVE = YES;
				CLANG_WARN_UNGUARDED_AVAILABILITY = YES_AGGRESSIVE;
				CLANG_WARN_UNREACHABLE_CODE = YES;
				CLANG_WARN__DUPLICATE_METHOD_MATCH = YES;
				CODE_SIGN_IDENTITY = "Mac Developer";
				COPY_PHASE_STRIP = NO;
				DEBUG_INFORMATION_FORMAT = dwarf;
				ENABLE_STRICT_OBJC_MSGSEND = YES;
				ENABLE_TESTABILITY = YES;
				GCC_C_LANGUAGE_STANDARD = gnu11;
				GCC_DYNAMIC_NO_PIC = NO;
				GCC_NO_COMMON_BLOCKS = YES;
				GCC_OPTIMIZATION_LEVEL = 0;
				GCC_PREPROCESSOR_DEFINITIONS = (
					"DEBUG=1",
					"$(inherited)",
				);
				GCC_WARN_64_TO_32_BIT_CONVERSION = YES;
				GCC_WARN_ABOUT_RETURN_TYPE = YES_ERROR;
				GCC_WARN_UNDECLARED_SELECTOR = YES;
				GCC_WARN_UNINITIALIZED_AUTOS = YES_AGGRESSIVE;
				GCC_WARN_UNUSED_FUNCTION = YES;
				GCC_WARN_UNUSED_VARIABLE = YES;
				MACOSX_DEPLOYMENT_TARGET = 10.12;
				MTL_ENABLE_DEBUG_INFO = YES;
				ONLY_ACTIVE_ARCH = YES;
				SDKROOT = macosx;
			};
			name = Debug;
		};
		ECE0C3D820BFC6BC00BB31F3 /* Release */ = {
			isa = XCBuildConfiguration;
			buildSettings = {
				ALWAYS_SEARCH_USER_PATHS = NO;
				CLANG_ANALYZER_NONNULL = YES;
				CLANG_ANALYZER_NUMBER_OBJECT_CONVERSION = YES_AGGRESSIVE;
				CLANG_CXX_LANGUAGE_STANDARD = "gnu++14";
				CLANG_CXX_LIBRARY = "libc++";
				CLANG_ENABLE_MODULES = YES;
				CLANG_ENABLE_OBJC_ARC = YES;
				CLANG_WARN_BLOCK_CAPTURE_AUTORELEASING = YES;
				CLANG_WARN_BOOL_CONVERSION = YES;
				CLANG_WARN_COMMA = YES;
				CLANG_WARN_CONSTANT_CONVERSION = YES;
				CLANG_WARN_DIRECT_OBJC_ISA_USAGE = YES_ERROR;
				CLANG_WARN_DOCUMENTATION_COMMENTS = YES;
				CLANG_WARN_EMPTY_BODY = YES;
				CLANG_WARN_ENUM_CONVERSION = YES;
				CLANG_WARN_INFINITE_RECURSION = YES;
				CLANG_WARN_INT_CONVERSION = YES;
				CLANG_WARN_NON_LITERAL_NULL_CONVERSION = YES;
				CLANG_WARN_OBJC_LITERAL_CONVERSION = YES;
				CLANG_WARN_OBJC_ROOT_CLASS = YES_ERROR;
				CLANG_WARN_RANGE_LOOP_ANALYSIS = YES;
				CLANG_WARN_STRICT_PROTOTYPES = YES;
				CLANG_WARN_SUSPICIOUS_MOVE = YES;
				CLANG_WARN_UNGUARDED_AVAILABILITY = YES_AGGRESSIVE;
				CLANG_WARN_UNREACHABLE_CODE = YES;
				CLANG_WARN__DUPLICATE_METHOD_MATCH = YES;
				CODE_SIGN_IDENTITY = "Mac Developer";
				COPY_PHASE_STRIP = NO;
				DEBUG_INFORMATION_FORMAT = "dwarf-with-dsym";
				ENABLE_NS_ASSERTIONS = NO;
				ENABLE_STRICT_OBJC_MSGSEND = YES;
				GCC_C_LANGUAGE_STANDARD = gnu11;
				GCC_NO_COMMON_BLOCKS = YES;
				GCC_WARN_64_TO_32_BIT_CONVERSION = YES;
				GCC_WARN_ABOUT_RETURN_TYPE = YES_ERROR;
				GCC_WARN_UNDECLARED_SELECTOR = YES;
				GCC_WARN_UNINITIALIZED_AUTOS = YES_AGGRESSIVE;
				GCC_WARN_UNUSED_FUNCTION = YES;
				GCC_WARN_UNUSED_VARIABLE = YES;
				MACOSX_DEPLOYMENT_TARGET = 10.12;
				MTL_ENABLE_DEBUG_INFO = NO;
				SDKROOT = macosx;
			};
			name = Release;
		};
		ECE0C3DA20BFC6BC00BB31F3 /* Debug */ = {
			isa = XCBuildConfiguration;
			buildSettings = {
				CODE_SIGN_STYLE = Automatic;
				DEVELOPMENT_TEAM = 58W4HKZ65K;
				HEADER_SEARCH_PATHS = "$(PROJECT_DIR)/CAESKEY/openssl/include";
				LIBRARY_SEARCH_PATHS = (
					"$(inherited)",
					"$(PROJECT_DIR)/CAESKEY/openssl",
				);
				PRODUCT_NAME = "$(TARGET_NAME)";
			};
			name = Debug;
		};
		ECE0C3DB20BFC6BC00BB31F3 /* Release */ = {
			isa = XCBuildConfiguration;
			buildSettings = {
				CODE_SIGN_STYLE = Automatic;
				DEVELOPMENT_TEAM = 58W4HKZ65K;
				HEADER_SEARCH_PATHS = "$(PROJECT_DIR)/CAESKEY/openssl/include";
				LIBRARY_SEARCH_PATHS = (
					"$(inherited)",
					"$(PROJECT_DIR)/CAESKEY/openssl",
				);
				PRODUCT_NAME = "$(TARGET_NAME)";
			};
			name = Release;
		};
/* End XCBuildConfiguration section */

/* Begin XCConfigurationList section */
		ECE0C3CD20BFC6BB00BB31F3 /* Build configuration list for PBXProject "CAESKEY" */ = {
			isa = XCConfigurationList;
			buildConfigurations = (
				ECE0C3D720BFC6BC00BB31F3 /* Debug */,
				ECE0C3D820BFC6BC00BB31F3 /* Release */,
			);
			defaultConfigurationIsVisible = 0;
			defaultConfigurationName = Release;
		};
		ECE0C3D920BFC6BC00BB31F3 /* Build configuration list for PBXNativeTarget "CAESKEY" */ = {
			isa = XCConfigurationList;
			buildConfigurations = (
				ECE0C3DA20BFC6BC00BB31F3 /* Debug */,
				ECE0C3DB20BFC6BC00BB31F3 /* Release */,
			);
			defaultConfigurationIsVisible = 0;
			defaultConfigurationName = Release;
		};
/* End XCConfigurationList section */
	};
	rootObject = ECE0C3CA20BFC6BB00BB31F3 /* Project object */;
}
